
Microsoft Visual Studio Solution File, Format Version 12.00
# Visual Studio Version 17
VisualStudioVersion = 17.11.35303.130
MinimumVisualStudioVersion = 10.0.40219.1
Project("{FAE04EC0-301F-11D3-BF4B-00C04F79EFBC}") = "HealthMonitoringApp", "HealthMonitoringApp.csproj", "{9A37D891-5A01-4ED5-940C-9C8ABDFDF695}"
EndProject
Global
	GlobalSection(SolutionConfigurationPlatforms) = preSolution
		Debug|Any CPU = Debug|Any CPU
		Release|Any CPU = Release|Any CPU
	EndGlobalSection
	GlobalSection(ProjectConfigurationPlatforms) = postSolution
		{9A37D891-5A01-4ED5-940C-9C8ABDFDF695}.Debug|Any CPU.ActiveCfg = Debug|Any CPU
		{9A37D891-5A01-4ED5-940C-9C8ABDFDF695}.Debug|Any CPU.Build.0 = Debug|Any CPU
		{9A37D891-5A01-4ED5-940C-9C8ABDFDF695}.Release|Any CPU.ActiveCfg = Release|Any CPU
		{9A37D891-5A01-4ED5-940C-9C8ABDFDF695}.Release|Any CPU.Build.0 = Release|Any CPU
	EndGlobalSection
	GlobalSection(SolutionProperties) = preSolution
		HideSolutionNode = FALSE
	EndGlobalSection
	GlobalSection(ExtensibilityGlobals) = postSolution
		SolutionGuid = {0E27408D-9902-46BC-ABC8-147FA585534D}
	EndGlobalSection
EndGlobal
